// !$*UTF8*$!
{
	archiveVersion = 1;
	classes = {
	};
	objectVersion = 50;
	objects = {

/* Begin PBXBuildFile section */
		D281DDCF214D920D00F64AB2 /* AppDelegate.swift in Sources */ = {isa = PBXBuildFile; fileRef = D281DDCE214D920D00F64AB2 /* AppDelegate.swift */; };
		D281DDD1214D920D00F64AB2 /* ViewController.swift in Sources */ = {isa = PBXBuildFile; fileRef = D281DDD0214D920D00F64AB2 /* ViewController.swift */; };
		D281DDD4214D920D00F64AB2 /* Main.storyboard in Resources */ = {isa = PBXBuildFile; fileRef = D281DDD2214D920D00F64AB2 /* Main.storyboard */; };
		D281DDD6214D920E00F64AB2 /* Assets.xcassets in Resources */ = {isa = PBXBuildFile; fileRef = D281DDD5214D920E00F64AB2 /* Assets.xcassets */; };
		D281DDD9214D920E00F64AB2 /* LaunchScreen.storyboard in Resources */ = {isa = PBXBuildFile; fileRef = D281DDD7214D920E00F64AB2 /* LaunchScreen.storyboard */; };
		D281DDE1214D9CBF00F64AB2 /* MemoriesViewController.swift in Sources */ = {isa = PBXBuildFile; fileRef = D281DDE0214D9CBF00F64AB2 /* MemoriesViewController.swift */; };
		D281DDE3214D9E4100F64AB2 /* MemoryCell.swift in Sources */ = {isa = PBXBuildFile; fileRef = D281DDE2214D9E4100F64AB2 /* MemoryCell.swift */; };
/* End PBXBuildFile section */

/* Begin PBXFileReference section */
		D281DDCB214D920D00F64AB2 /* HappyDays.app */ = {isa = PBXFileReference; explicitFileType = wrapper.application; includeInIndex = 0; path = HappyDays.app; sourceTree = BUILT_PRODUCTS_DIR; };
		D281DDCE214D920D00F64AB2 /* AppDelegate.swift */ = {isa = PBXFileReference; lastKnownFileType = sourcecode.swift; path = AppDelegate.swift; sourceTree = "<group>"; };
		D281DDD0214D920D00F64AB2 /* ViewController.swift */ = {isa = PBXFileReference; lastKnownFileType = sourcecode.swift; path = ViewController.swift; sourceTree = "<group>"; };
		D281DDD3214D920D00F64AB2 /* Base */ = {isa = PBXFileReference; lastKnownFileType = file.storyboard; name = Base; path = Base.lproj/Main.storyboard; sourceTree = "<group>"; };
		D281DDD5214D920E00F64AB2 /* Assets.xcassets */ = {isa = PBXFileReference; lastKnownFileType = folder.assetcatalog; path = Assets.xcassets; sourceTree = "<group>"; };
		D281DDD8214D920E00F64AB2 /* Base */ = {isa = PBXFileReference; lastKnownFileType = file.storyboard; name = Base; path = Base.lproj/LaunchScreen.storyboard; sourceTree = "<group>"; };
		D281DDDA214D920E00F64AB2 /* Info.plist */ = {isa = PBXFileReference; lastKnownFileType = text.plist.xml; path = Info.plist; sourceTree = "<group>"; };
		D281DDE0214D9CBF00F64AB2 /* MemoriesViewController.swift */ = {isa = PBXFileReference; lastKnownFileType = sourcecode.swift; path = MemoriesViewController.swift; sourceTree = "<group>"; };
		D281DDE2214D9E4100F64AB2 /* MemoryCell.swift */ = {isa = PBXFileReference; lastKnownFileType = sourcecode.swift; path = MemoryCell.swift; sourceTree = "<group>"; };
/* End PBXFileReference section */

/* Begin PBXFrameworksBuildPhase section */
		D281DDC8214D920D00F64AB2 /* Frameworks */ = {
			isa = PBXFrameworksBuildPhase;
			buildActionMask = 2147483647;
			files = (
			);
			runOnlyForDeploymentPostprocessing = 0;
		};
/* End PBXFrameworksBuildPhase section */

/* Begin PBXGroup section */
		D281DDC2214D920D00F64AB2 = {
			isa = PBXGroup;
			children = (
				D281DDCD214D920D00F64AB2 /* HappyDays */,
				D281DDCC214D920D00F64AB2 /* Products */,
			);
			sourceTree = "<group>";
		};
		D281DDCC214D920D00F64AB2 /* Products */ = {
			isa = PBXGroup;
			children = (
				D281DDCB214D920D00F64AB2 /* HappyDays.app */,
			);
			name = Products;
			sourceTree = "<group>";
		};
		D281DDCD214D920D00F64AB2 /* HappyDays */ = {
			isa = PBXGroup;
			children = (
				D281DDE2214D9E4100F64AB2 /* MemoryCell.swift */,
				D281DDCE214D920D00F64AB2 /* AppDelegate.swift */,
				D281DDD0214D920D00F64AB2 /* ViewController.swift */,
				D281DDE0214D9CBF00F64AB2 /* MemoriesViewController.swift */,
				D281DDD2214D920D00F64AB2 /* Main.storyboard */,
				D281DDD5214D920E00F64AB2 /* Assets.xcassets */,
				D281DDD7214D920E00F64AB2 /* LaunchScreen.storyboard */,
				D281DDDA214D920E00F64AB2 /* Info.plist */,
			);
			path = HappyDays;
			sourceTree = "<group>";
		};
/* End PBXGroup section */

/* Begin PBXNativeTarget section */
		D281DDCA214D920D00F64AB2 /* HappyDays */ = {
			isa = PBXNativeTarget;
			buildConfigurationList = D281DDDD214D920E00F64AB2 /* Build configuration list for PBXNativeTarget "HappyDays" */;
			buildPhases = (
				D281DDC7214D920D00F64AB2 /* Sources */,
				D281DDC8214D920D00F64AB2 /* Frameworks */,
				D281DDC9214D920D00F64AB2 /* Resources */,
			);
			buildRules = (
			);
			dependencies = (
			);
			name = HappyDays;
			productName = HappyDays;
			productReference = D281DDCB214D920D00F64AB2 /* HappyDays.app */;
			productType = "com.apple.product-type.application";
		};
/* End PBXNativeTarget section */

/* Begin PBXProject section */
		D281DDC3214D920D00F64AB2 /* Project object */ = {
			isa = PBXProject;
			attributes = {
				LastSwiftUpdateCheck = 0940;
				LastUpgradeCheck = 0940;
				ORGANIZATIONNAME = "Yury Shkoda";
				TargetAttributes = {
					D281DDCA214D920D00F64AB2 = {
						CreatedOnToolsVersion = 9.4.1;
						LastSwiftMigration = 1000;
					};
				};
			};
			buildConfigurationList = D281DDC6214D920D00F64AB2 /* Build configuration list for PBXProject "HappyDays" */;
			compatibilityVersion = "Xcode 9.3";
			developmentRegion = en;
			hasScannedForEncodings = 0;
			knownRegions = (
				en,
				Base,
			);
			mainGroup = D281DDC2214D920D00F64AB2;
			productRefGroup = D281DDCC214D920D00F64AB2 /* Products */;
			projectDirPath = "";
			projectRoot = "";
			targets = (
				D281DDCA214D920D00F64AB2 /* HappyDays */,
			);
		};
/* End PBXProject section */

/* Begin PBXResourcesBuildPhase section */
		D281DDC9214D920D00F64AB2 /* Resources */ = {
			isa = PBXResourcesBuildPhase;
			buildActionMask = 2147483647;
			files = (
				D281DDD9214D920E00F64AB2 /* LaunchScreen.storyboard in Resources */,
				D281DDD6214D920E00F64AB2 /* Assets.xcassets in Resources */,
				D281DDD4214D920D00F64AB2 /* Main.storyboard in Resources */,
			);
			runOnlyForDeploymentPostprocessing = 0;
		};
/* End PBXResourcesBuildPhase section */

/* Begin PBXSourcesBuildPhase section */
		D281DDC7214D920D00F64AB2 /* Sources */ = {
			isa = PBXSourcesBuildPhase;
			buildActionMask = 2147483647;
			files = (
				D281DDE3214D9E4100F64AB2 /* MemoryCell.swift in Sources */,
				D281DDE1214D9CBF00F64AB2 /* MemoriesViewController.swift in Sources */,
				D281DDD1214D920D00F64AB2 /* ViewController.swift in Sources */,
				D281DDCF214D920D00F64AB2 /* AppDelegate.swift in Sources */,
			);
			runOnlyForDeploymentPostprocessing = 0;
		};
/* End PBXSourcesBuildPhase section */

/* Begin PBXVariantGroup section */
		D281DDD2214D920D00F64AB2 /* Main.storyboard */ = {
			isa = PBXVariantGroup;
			children = (
				D281DDD3214D920D00F64AB2 /* Base */,
			);
			name = Main.storyboard;
			sourceTree = "<group>";
		};
		D281DDD7214D920E00F64AB2 /* LaunchScreen.storyboard */ = {
			isa = PBXVariantGroup;
			children = (
				D281DDD8214D920E00F64AB2 /* Base */,
			);
			name = LaunchScreen.storyboard;
			sourceTree = "<group>";
		};
/* End PBXVariantGroup section */

/* Begin XCBuildConfiguration section */
		D281DDDB214D920E00F64AB2 /* Debug */ = {
			isa = XCBuildConfiguration;
			buildSettings = {
				ALWAYS_SEARCH_USER_PATHS = NO;
				CLANG_ANALYZER_NONNULL = YES;
				CLANG_ANALYZER_NUMBER_OBJECT_CONVERSION = YES_AGGRESSIVE;
				CLANG_CXX_LANGUAGE_STANDARD = "gnu++14";
				CLANG_CXX_LIBRARY = "libc++";
				CLANG_ENABLE_MODULES = YES;
				CLANG_ENABLE_OBJC_ARC = YES;
				CLANG_ENABLE_OBJC_WEAK = YES;
				CLANG_WARN_BLOCK_CAPTURE_AUTORELEASING = YES;
				CLANG_WARN_BOOL_CONVERSION = YES;
				CLANG_WARN_COMMA = YES;
				CLANG_WARN_CONSTANT_CONVERSION = YES;
				CLANG_WARN_DEPRECATED_OBJC_IMPLEMENTATIONS = YES;
				CLANG_WARN_DIRECT_OBJC_ISA_USAGE = YES_ERROR;
				CLANG_WARN_DOCUMENTATION_COMMENTS = YES;
				CLANG_WARN_EMPTY_BODY = YES;
				CLANG_WARN_ENUM_CONVERSION = YES;
				CLANG_WARN_INFINITE_RECURSION = YES;
				CLANG_WARN_INT_CONVERSION = YES;
				CLANG_WARN_NON_LITERAL_NULL_CONVERSION = YES;
				CLANG_WARN_OBJC_IMPLICIT_RETAIN_SELF = YES;
				CLANG_WARN_OBJC_LITERAL_CONVERSION = YES;
				CLANG_WARN_OBJC_ROOT_CLASS = YES_ERROR;
				CLANG_WARN_RANGE_LOOP_ANALYSIS = YES;
				CLANG_WARN_STRICT_PROTOTYPES = YES;
				CLANG_WARN_SUSPICIOUS_MOVE = YES;
				CLANG_WARN_UNGUARDED_AVAILABILITY = YES_AGGRESSIVE;
				CLANG_WARN_UNREACHABLE_CODE = YES;
				CLANG_WARN__DUPLICATE_METHOD_MATCH = YES;
				CODE_SIGN_IDENTITY = "iPhone Developer";
				COPY_PHASE_STRIP = NO;
				DEBUG_INFORMATION_FORMAT = dwarf;
				ENABLE_STRICT_OBJC_MSGSEND = YES;
				ENABLE_TESTABILITY = YES;
				GCC_C_LANGUAGE_STANDARD = gnu11;
				GCC_DYNAMIC_NO_PIC = NO;
				GCC_NO_COMMON_BLOCKS = YES;
				GCC_OPTIMIZATION_LEVEL = 0;
				GCC_PREPROCESSOR_DEFINITIONS = (
					"DEBUG=1",
					"$(inherited)",
				);
				GCC_WARN_64_TO_32_BIT_CONVERSION = YES;
				GCC_WARN_ABOUT_RETURN_TYPE = YES_ERROR;
				GCC_WARN_UNDECLARED_SELECTOR = YES;
				GCC_WARN_UNINITIALIZED_AUTOS = YES_AGGRESSIVE;
				GCC_WARN_UNUSED_FUNCTION = YES;
				GCC_WARN_UNUSED_VARIABLE = YES;
				IPHONEOS_DEPLOYMENT_TARGET = 11.4;
				MTL_ENABLE_DEBUG_INFO = YES;
				ONLY_ACTIVE_ARCH = YES;
				SDKROOT = iphoneos;
				SWIFT_ACTIVE_COMPILATION_CONDITIONS = DEBUG;
				SWIFT_OPTIMIZATION_LEVEL = "-Onone";
			};
			name = Debug;
		};
		D281DDDC214D920E00F64AB2 /* Release */ = {
			isa = XCBuildConfiguration;
			buildSettings = {
				ALWAYS_SEARCH_USER_PATHS = NO;
				CLANG_ANALYZER_NONNULL = YES;
				CLANG_ANALYZER_NUMBER_OBJECT_CONVERSION = YES_AGGRESSIVE;
				CLANG_CXX_LANGUAGE_STANDARD = "gnu++14";
				CLANG_CXX_LIBRARY = "libc++";
				CLANG_ENABLE_MODULES = YES;
				CLANG_ENABLE_OBJC_ARC = YES;
				CLANG_ENABLE_OBJC_WEAK = YES;
				CLANG_WARN_BLOCK_CAPTURE_AUTORELEASING = YES;
				CLANG_WARN_BOOL_CONVERSION = YES;
				CLANG_WARN_COMMA = YES;
				CLANG_WARN_CONSTANT_CONVERSION = YES;
				CLANG_WARN_DEPRECATED_OBJC_IMPLEMENTATIONS = YES;
				CLANG_WARN_DIRECT_OBJC_ISA_USAGE = YES_ERROR;
				CLANG_WARN_DOCUMENTATION_COMMENTS = YES;
				CLANG_WARN_EMPTY_BODY = YES;
				CLANG_WARN_ENUM_CONVERSION = YES;
				CLANG_WARN_INFINITE_RECURSION = YES;
				CLANG_WARN_INT_CONVERSION = YES;
				CLANG_WARN_NON_LITERAL_NULL_CONVERSION = YES;
				CLANG_WARN_OBJC_IMPLICIT_RETAIN_SELF = YES;
				CLANG_WARN_OBJC_LITERAL_CONVERSION = YES;
				CLANG_WARN_OBJC_ROOT_CLASS = YES_ERROR;
				CLANG_WARN_RANGE_LOOP_ANALYSIS = YES;
				CLANG_WARN_STRICT_PROTOTYPES = YES;
				CLANG_WARN_SUSPICIOUS_MOVE = YES;
				CLANG_WARN_UNGUARDED_AVAILABILITY = YES_AGGRESSIVE;
				CLANG_WARN_UNREACHABLE_CODE = YES;
				CLANG_WARN__DUPLICATE_METHOD_MATCH = YES;
				CODE_SIGN_IDENTITY = "iPhone Developer";
				COPY_PHASE_STRIP = NO;
				DEBUG_INFORMATION_FORMAT = "dwarf-with-dsym";
				ENABLE_NS_ASSERTIONS = NO;
				ENABLE_STRICT_OBJC_MSGSEND = YES;
				GCC_C_LANGUAGE_STANDARD = gnu11;
				GCC_NO_COMMON_BLOCKS = YES;
				GCC_WARN_64_TO_32_BIT_CONVERSION = YES;
				GCC_WARN_ABOUT_RETURN_TYPE = YES_ERROR;
				GCC_WARN_UNDECLARED_SELECTOR = YES;
				GCC_WARN_UNINITIALIZED_AUTOS = YES_AGGRESSIVE;
				GCC_WARN_UNUSED_FUNCTION = YES;
				GCC_WARN_UNUSED_VARIABLE = YES;
				IPHONEOS_DEPLOYMENT_TARGET = 11.4;
				MTL_ENABLE_DEBUG_INFO = NO;
				SDKROOT = iphoneos;
				SWIFT_COMPILATION_MODE = wholemodule;
				SWIFT_OPTIMIZATION_LEVEL = "-O";
				VALIDATE_PRODUCT = YES;
			};
			name = Release;
		};
		D281DDDE214D920E00F64AB2 /* Debug */ = {
			isa = XCBuildConfiguration;
			buildSettings = {
				ASSETCATALOG_COMPILER_APPICON_NAME = AppIcon;
				CODE_SIGN_STYLE = Automatic;
				DEVELOPMENT_TEAM = F524X8MS5B;
				INFOPLIST_FILE = HappyDays/Info.plist;
				LD_RUNPATH_SEARCH_PATHS = (
					"$(inherited)",
					"@executable_path/Frameworks",
				);
				PRODUCT_BUNDLE_IDENTIFIER = YuryShkoda.HappyDays;
				PRODUCT_NAME = "$(TARGET_NAME)";
				SWIFT_VERSION = 4.2;
				TARGETED_DEVICE_FAMILY = "1,2";
			};
			name = Debug;
		};
		D281DDDF214D920E00F64AB2 /* Release */ = {
			isa = XCBuildConfiguration;
			buildSettings = {
				ASSETCATALOG_COMPILER_APPICON_NAME = AppIcon;
				CODE_SIGN_STYLE = Automatic;
				DEVELOPMENT_TEAM = F524X8MS5B;
				INFOPLIST_FILE = HappyDays/Info.plist;
				LD_RUNPATH_SEARCH_PATHS = (
					"$(inherited)",
					"@executable_path/Frameworks",
				);
				PRODUCT_BUNDLE_IDENTIFIER = YuryShkoda.HappyDays;
				PRODUCT_NAME = "$(TARGET_NAME)";
				SWIFT_VERSION = 4.2;
				TARGETED_DEVICE_FAMILY = "1,2";
			};
			name = Release;
		};
/* End XCBuildConfiguration section */

/* Begin XCConfigurationList section */
		D281DDC6214D920D00F64AB2 /* Build configuration list for PBXProject "HappyDays" */ = {
			isa = XCConfigurationList;
			buildConfigurations = (
				D281DDDB214D920E00F64AB2 /* Debug */,
				D281DDDC214D920E00F64AB2 /* Release */,
			);
			defaultConfigurationIsVisible = 0;
			defaultConfigurationName = Release;
		};
		D281DDDD214D920E00F64AB2 /* Build configuration list for PBXNativeTarget "HappyDays" */ = {
			isa = XCConfigurationList;
			buildConfigurations = (
				D281DDDE214D920E00F64AB2 /* Debug */,
				D281DDDF214D920E00F64AB2 /* Release */,
			);
			defaultConfigurationIsVisible = 0;
			defaultConfigurationName = Release;
		};
/* End XCConfigurationList section */
	};
	rootObject = D281DDC3214D920D00F64AB2 /* Project object */;
}
